
Microsoft Visual Studio Solution File, Format Version 12.00
# Visual Studio Version 16
VisualStudioVersion = 16.0.30204.135
MinimumVisualStudioVersion = 10.0.40219.1
Project("{FAE04EC0-301F-11D3-BF4B-00C04F79EFBC}") = "ServerApp", "TPCIP-Form\ServerApp.csproj", "{BA620FB5-B7DA-4209-8743-2811075E4912}"
EndProject
Project("{FAE04EC0-301F-11D3-BF4B-00C04F79EFBC}") = "ClientApp", "ClientApp\ClientApp.csproj", "{A016FF59-9A29-4F45-A21E-494F84831430}"
EndProject
Global
	GlobalSection(SolutionConfigurationPlatforms) = preSolution
		Debug|Any CPU = Debug|Any CPU
		Release|Any CPU = Release|Any CPU
	EndGlobalSection
	GlobalSection(ProjectConfigurationPlatforms) = postSolution
		{BA620FB5-B7DA-4209-8743-2811075E4912}.Debug|Any CPU.ActiveCfg = Debug|Any CPU
		{BA620FB5-B7DA-4209-8743-2811075E4912}.Debug|Any CPU.Build.0 = Debug|Any CPU
		{BA620FB5-B7DA-4209-8743-2811075E4912}.Release|Any CPU.ActiveCfg = Release|Any CPU
		{BA620FB5-B7DA-4209-8743-2811075E4912}.Release|Any CPU.Build.0 = Release|Any CPU
		{A016FF59-9A29-4F45-A21E-494F84831430}.Debug|Any CPU.ActiveCfg = Debug|Any CPU
		{A016FF59-9A29-4F45-A21E-494F84831430}.Debug|Any CPU.Build.0 = Debug|Any CPU
		{A016FF59-9A29-4F45-A21E-494F84831430}.Release|Any CPU.ActiveCfg = Release|Any CPU
		{A016FF59-9A29-4F45-A21E-494F84831430}.Release|Any CPU.Build.0 = Release|Any CPU
	EndGlobalSection
	GlobalSection(SolutionProperties) = preSolution
		HideSolutionNode = FALSE
	EndGlobalSection
	GlobalSection(ExtensibilityGlobals) = postSolution
		SolutionGuid = {A0399BF8-4761-4F93-B8C4-A531ACF3C0CF}
	EndGlobalSection
EndGlobal
